
Microsoft Visual Studio Solution File, Format Version 12.00
# Visual Studio Version 17
VisualStudioVersion = 17.0.32126.317
MinimumVisualStudioVersion = 10.0.40219.1
Project("{8BC9CEB8-8B4A-11D0-8D11-00A0C91BC942}") = "facade", "facade.vcxproj", "{D8E4F808-08BF-4E02-90A4-6132C2ABE2A6}"
EndProject
Global
	GlobalSection(SolutionConfigurationPlatforms) = preSolution
		Debug|x64 = Debug|x64
		Debug|x86 = Debug|x86
		Release|x64 = Release|x64
		Release|x86 = Release|x86
	EndGlobalSection
	GlobalSection(ProjectConfigurationPlatforms) = postSolution
		{D8E4F808-08BF-4E02-90A4-6132C2ABE2A6}.Debug|x64.ActiveCfg = Debug|x64
		{D8E4F808-08BF-4E02-90A4-6132C2ABE2A6}.Debug|x64.Build.0 = Debug|x64
		{D8E4F808-08BF-4E02-90A4-6132C2ABE2A6}.Debug|x86.ActiveCfg = Debug|Win32
		{D8E4F808-08BF-4E02-90A4-6132C2ABE2A6}.Debug|x86.Build.0 = Debug|Win32
		{D8E4F808-08BF-4E02-90A4-6132C2ABE2A6}.Release|x64.ActiveCfg = Release|x64
		{D8E4F808-08BF-4E02-90A4-6132C2ABE2A6}.Release|x64.Build.0 = Release|x64
		{D8E4F808-08BF-4E02-90A4-6132C2ABE2A6}.Release|x86.ActiveCfg = Release|Win32
		{D8E4F808-08BF-4E02-90A4-6132C2ABE2A6}.Release|x86.Build.0 = Release|Win32
	EndGlobalSection
	GlobalSection(SolutionProperties) = preSolution
		HideSolutionNode = FALSE
	EndGlobalSection
	GlobalSection(ExtensibilityGlobals) = postSolution
		SolutionGuid = {BDC1DDFA-45DD-4B03-9CC8-F151C0EE4754}
	EndGlobalSection
EndGlobal
